<?xml version="1.0" encoding="utf-8"?>
<Project ToolsVersion="4.0" xmlns="http://schemas.microsoft.com/developer/msbuild/2003">
  <ItemGroup>
    <Filter Include="Source Files">
      <UniqueIdentifier>{4FC737F1-C7A5-4376-A066-2A32D752A2FF}</UniqueIdentifier>
      <Extensions>cpp;c;cc;cxx;c++;cppm;ixx;def;odl;idl;hpj;bat;asm;asmx</Extensions>
    </Filter>
    <Filter Include="Header Files">
      <UniqueIdentifier>{93995380-89BD-4b04-88EB-625FBE52EBFB}</UniqueIdentifier>
      <Extensions>h;hh;hpp;hxx;h++;hm;inl;inc;ipp;xsd</Extensions>
    </Filter>
    <Filter Include="Resource Files">
      <UniqueIdentifier>{67DA6AB6-F800-4c08-8B7A-83BB121AAD01}</UniqueIdentifier>
      <Extensions>rc;ico;cur;bmp;dlg;rc2;rct;bin;rgs;gif;jpg;jpeg;jpe;resx;tiff;tif;png;wav;mfcribbon-ms</Extensions>
    </Filter>
    <Filter Include="Source Files\engine">
      <UniqueIdentifier>{544c8490-6ae4-4e38-90a9-f3c8ca93abea}</UniqueIdentifier>
    </Filter>
    <Filter Include="Source Files\imgui">
      <UniqueIdentifier>{b01e435e-6dd3-42d0-9ff5-ec209a53cfe8}</UniqueIdentifier>
    </Filter>
    <Filter Include="Source Files\shaders">
      <UniqueIdentifier>{720276a1-44ef-4333-b571-1533d52d60e4}</UniqueIdentifier>
    </Filter>
    <Filter Include="Source Files\vulkan">
      <UniqueIdentifier>{33b1d35d-30df-453e-99cc-a881dbaccced}</UniqueIdentifier>
    </Filter>
    <Filter Include="Source Files\tinyobjloader">
      <UniqueIdentifier>{685e8b14-e4c6-4c1f-bfd4-4351cf8a9f98}</UniqueIdentifier>
    </Filter>
  </ItemGroup>
  <ItemGroup>
    <ClInclude Include="framework.h">
      <Filter>Header Files</Filter>
    </ClInclude>
    <ClInclude Include="engine\cr2w.h">
      <Filter>Source Files\engine</Filter>
    </ClInclude>
    <ClInclude Include="engine\file.h">
      <Filter>Source Files\engine</Filter>
    </ClInclude>
    <ClInclude Include="engine\hashdictionary.h">
      <Filter>Source Files\engine</Filter>
    </ClInclude>
    <ClInclude Include="engine\resourcepath.h">
      <Filter>Source Files\engine</Filter>
    </ClInclude>
    <ClInclude Include="imgui\imgui.h">
      <Filter>Source Files\imgui</Filter>
    </ClInclude>
    <ClInclude Include="imgui\imconfig.h">
      <Filter>Source Files\imgui</Filter>
    </ClInclude>
    <ClInclude Include="imgui\imgui_internal.h">
      <Filter>Source Files\imgui</Filter>
    </ClInclude>
    <ClInclude Include="imgui\imstb_rectpack.h">
      <Filter>Source Files\imgui</Filter>
    </ClInclude>
    <ClInclude Include="imgui\imstb_textedit.h">
      <Filter>Source Files\imgui</Filter>
    </ClInclude>
    <ClInclude Include="imgui\imstb_truetype.h">
      <Filter>Source Files\imgui</Filter>
    </ClInclude>
    <ClInclude Include="vkbootstrap\VkBootstrap.h">
      <Filter>Source Files\vulkan</Filter>
    </ClInclude>
    <ClInclude Include="vma\vk_mem_alloc.h">
      <Filter>Source Files\vulkan</Filter>
    </ClInclude>
    <ClInclude Include="engine\vk_engine.h">
      <Filter>Source Files\engine</Filter>
    </ClInclude>
    <ClInclude Include="engine\vk_initializers.h">
      <Filter>Source Files\engine</Filter>
    </ClInclude>
    <ClInclude Include="engine\vk_mesh.h">
      <Filter>Source Files\engine</Filter>
    </ClInclude>
    <ClInclude Include="engine\vk_textures.h">
      <Filter>Source Files\engine</Filter>
    </ClInclude>
    <ClInclude Include="engine\vk_types.h">
      <Filter>Source Files\engine</Filter>
    </ClInclude>
    <ClInclude Include="tinyobjloader\tiny_obj_loader.h">
      <Filter>Source Files\tinyobjloader</Filter>
    </ClInclude>
    <ClInclude Include="wkengine.h">
      <Filter>Header Files</Filter>
    </ClInclude>
    <ClInclude Include="engine\VulkanUIOverlay.h">
      <Filter>Source Files\engine</Filter>
    </ClInclude>
    <ClInclude Include="engine\VulkanBuffer.h">
      <Filter>Source Files\engine</Filter>
    </ClInclude>
    <ClInclude Include="engine\VulkanDebug.h">
      <Filter>Source Files\engine</Filter>
    </ClInclude>
    <ClInclude Include="engine\VulkanDevice.h">
      <Filter>Source Files\engine</Filter>
    </ClInclude>
    <ClInclude Include="engine\camera.hpp">
      <Filter>Source Files\engine</Filter>
    </ClInclude>
    <ClInclude Include="engine\keycodes.hpp">
      <Filter>Source Files\engine</Filter>
    </ClInclude>
    <ClInclude Include="engine\VulkanInitializers.hpp">
      <Filter>Source Files\engine</Filter>
    </ClInclude>
    <ClInclude Include="engine\concurrentqueue.h">
      <Filter>Source Files\engine</Filter>
    </ClInclude>
    <ClInclude Include="engine\rendermessage.h">
      <Filter>Source Files\engine</Filter>
    </ClInclude>
    <ClInclude Include="engine\VulkanTools.h">
      <Filter>Source Files\engine</Filter>
    </ClInclude>
    <ClInclude Include="engine\frustum.hpp">
      <Filter>Source Files\engine</Filter>
    </ClInclude>
    <ClInclude Include="engine\threadpool.hpp">
      <Filter>Source Files\engine</Filter>
    </ClInclude>
    <ClInclude Include="engine\simplify.h">
      <Filter>Source Files\engine</Filter>
    </ClInclude>
  </ItemGroup>
  <ItemGroup>
    <ClCompile Include="dllmain.cpp">
      <Filter>Source Files</Filter>
    </ClCompile>
    <ClCompile Include="engine\cr2w.cpp">
      <Filter>Source Files\engine</Filter>
    </ClCompile>
    <ClCompile Include="engine\file.cpp">
      <Filter>Source Files\engine</Filter>
    </ClCompile>
    <ClCompile Include="engine\hashdictionary.cpp">
      <Filter>Source Files\engine</Filter>
    </ClCompile>
    <ClCompile Include="engine\resourcepath.cpp">
      <Filter>Source Files\engine</Filter>
    </ClCompile>
    <ClCompile Include="engine\WKapi.cpp">
      <Filter>Source Files\engine</Filter>
    </ClCompile>
    <ClCompile Include="imgui\imgui.cpp">
      <Filter>Source Files\imgui</Filter>
    </ClCompile>
    <ClCompile Include="imgui\imgui_demo.cpp">
      <Filter>Source Files\imgui</Filter>
    </ClCompile>
    <ClCompile Include="imgui\imgui_draw.cpp">
      <Filter>Source Files\imgui</Filter>
    </ClCompile>
    <ClCompile Include="imgui\imgui_widgets.cpp">
      <Filter>Source Files\imgui</Filter>
    </ClCompile>
    <ClCompile Include="vkbootstrap\VkBootstrap.cpp">
      <Filter>Source Files\vulkan</Filter>
    </ClCompile>
    <ClCompile Include="engine\vk_engine.cpp">
      <Filter>Source Files\engine</Filter>
    </ClCompile>
    <ClCompile Include="engine\vk_initializers.cpp">
      <Filter>Source Files\engine</Filter>
    </ClCompile>
    <ClCompile Include="engine\vk_mesh.cpp">
      <Filter>Source Files\engine</Filter>
    </ClCompile>
    <ClCompile Include="engine\vk_textures.cpp">
      <Filter>Source Files\engine</Filter>
    </ClCompile>
    <ClCompile Include="tinyobjloader\tiny_obj_loader.cc">
      <Filter>Source Files\tinyobjloader</Filter>
    </ClCompile>
    <ClCompile Include="engine\VulkanUIOverlay.cpp">
      <Filter>Source Files\engine</Filter>
    </ClCompile>
    <ClCompile Include="engine\VulkanBuffer.cpp">
      <Filter>Source Files\engine</Filter>
    </ClCompile>
    <ClCompile Include="engine\VulkanDebug.cpp">
      <Filter>Source Files\engine</Filter>
    </ClCompile>
    <ClCompile Include="engine\VulkanDevice.cpp">
      <Filter>Source Files\engine</Filter>
    </ClCompile>
    <ClCompile Include="engine\vk_engine_cr2w.cpp">
      <Filter>Source Files\engine</Filter>
    </ClCompile>
    <ClCompile Include="engine\VulkanTools.cpp">
      <Filter>Source Files\engine</Filter>
    </ClCompile>
    <ClCompile Include="engine\vk_engine_win32.cpp">
      <Filter>Source Files\engine</Filter>
    </ClCompile>
  </ItemGroup>
  <ItemGroup>
    <None Include="shaders\uioverlay.frag">
      <Filter>Source Files\shaders</Filter>
    </None>
    <None Include="shaders\uioverlay.vert">
      <Filter>Source Files\shaders</Filter>
    </None>
    <None Include="shaders\wk_default_lit.frag">
      <Filter>Source Files\shaders</Filter>
    </None>
    <None Include="shaders\wk_mesh.vert">
      <Filter>Source Files\shaders</Filter>
    </None>
    <None Include="shaders\wk_textured_lit.frag">
      <Filter>Source Files\shaders</Filter>
    </None>
    <None Include="shaders\wk_debug.frag">
      <Filter>Source Files\shaders</Filter>
    </None>
    <None Include="shaders\wk_terrain.frag">
      <Filter>Source Files\shaders</Filter>
    </None>
    <None Include="shaders\wk_terrain.vert">
      <Filter>Source Files\shaders</Filter>
    </None>
  </ItemGroup>
</Project>